PODS:
  - DSJSONSchemaValidation (2.0.5)
  - TensorFlowLite (1.13.1)
  - TensorIO (0.7.3):
    - DSJSONSchemaValidation
    - TensorIO/Core (= 0.7.3)
  - TensorIO/Core (0.7.3):
    - DSJSONSchemaValidation
  - TensorIO/TFLite (0.7.3):
    - DSJSONSchemaValidation
    - TensorFlowLite
    - TensorIO/Core

DEPENDENCIES:
  - TensorIO (from `../`)
  - TensorIO/TFLite (from `../`)

SPEC REPOS:
  https://github.com/cocoapods/specs.git:
    - DSJSONSchemaValidation
    - TensorFlowLite

EXTERNAL SOURCES:
  TensorIO:
    :path: "../"

SPEC CHECKSUMS:
  DSJSONSchemaValidation: a0d791d3c8a4801cb3c72f3c8701342e2cb66f58
  TensorFlowLite: 8b9dc4eb32eac0f8cb660c66bca7604da56dcc5a
  TensorIO: e49808b1001725830ecb7c054fd5255ee656b49c

PODFILE CHECKSUM: 5e264f76daeaba7108a1ed32afb160a899216322

COCOAPODS: 1.6.0
