PODS:
  - TensorFlowLite (1.13.1)
  - TensorIO (0.4.2):
    - TensorIO/Core (= 0.4.2)
  - TensorIO/Core (0.4.2)
  - TensorIO/TFLite (0.4.2):
    - TensorFlowLite

DEPENDENCIES:
  - TensorIO (from `../`)
  - TensorIO/TFLite (from `../`)

SPEC REPOS:
  https://github.com/cocoapods/specs.git:
    - TensorFlowLite

EXTERNAL SOURCES:
  TensorIO:
    :path: "../"

SPEC CHECKSUMS:
  TensorFlowLite: 8b9dc4eb32eac0f8cb660c66bca7604da56dcc5a
  TensorIO: 2fe12c3058461176ac822417d3951f4c95672702

PODFILE CHECKSUM: 5e264f76daeaba7108a1ed32afb160a899216322

COCOAPODS: 1.6.0
