PODS:
  - DSJSONSchemaValidation (2.0.7)
  - TensorFlowLite (1.13.1)
  - TensorIO (1.2.4):
    - DSJSONSchemaValidation
    - TensorIO/Core (= 1.2.4)
  - TensorIO/Core (1.2.4):
    - DSJSONSchemaValidation
  - TensorIO/TFLite (1.2.4):
    - DSJSONSchemaValidation
    - TensorFlowLite
    - TensorIO/Core

DEPENDENCIES:
  - TensorIO (from `../`)
  - TensorIO/TFLite (from `../`)

SPEC REPOS:
  trunk:
    - DSJSONSchemaValidation
    - TensorFlowLite

EXTERNAL SOURCES:
  TensorIO:
    :path: "../"

SPEC CHECKSUMS:
  DSJSONSchemaValidation: 46e30ccfa9908c49d184f453d556f55aa0aac1ff
  TensorFlowLite: 8b9dc4eb32eac0f8cb660c66bca7604da56dcc5a
  TensorIO: d0b481a123d15908880138c0be4920ad134c7556

PODFILE CHECKSUM: 3ec20863fd64cde2866456ffa1a33adad3b2b12c

COCOAPODS: 1.10.0
