PODS:
  - DSJSONSchemaValidation (2.0.7)
  - TensorIO (1.2.4):
    - DSJSONSchemaValidation
    - TensorIO/Core (= 1.2.4)
  - TensorIO/Core (1.2.4):
    - DSJSONSchemaValidation
  - TensorIO/TensorFlow (1.2.4):
    - DSJSONSchemaValidation
    - TensorIO/Core
    - TensorIOTensorFlow (~> 2.0.8)
  - TensorIOTensorFlow (2.0.8)

DEPENDENCIES:
  - TensorIO (from `../`)
  - TensorIO/TensorFlow (from `../`)

SPEC REPOS:
  trunk:
    - DSJSONSchemaValidation
    - TensorIOTensorFlow

EXTERNAL SOURCES:
  TensorIO:
    :path: "../"

SPEC CHECKSUMS:
  DSJSONSchemaValidation: 46e30ccfa9908c49d184f453d556f55aa0aac1ff
  TensorIO: 801d07e7d7d20db0b1c617bf6ad54dd8f58e1d7d
  TensorIOTensorFlow: e736ed822f872705ff91758e579064614906a3d4

PODFILE CHECKSUM: d0f26cd3c4c332ee43a30725e8e264cd9aa22b0a

COCOAPODS: 1.10.1
