PODS:
  - TensorIO (0.6.1):
    - TensorIO/Core (= 0.6.1)
  - TensorIO/Core (0.6.1)
  - TensorIO/TensorFlow (0.6.1):
    - TensorIO/Core
    - TensorIOTensorFlow
  - TensorIOTensorFlow (0.1.0)

DEPENDENCIES:
  - TensorIO (from `../`)
  - TensorIO/TensorFlow (from `../`)

SPEC REPOS:
  https://github.com/cocoapods/specs.git:
    - TensorIOTensorFlow

EXTERNAL SOURCES:
  TensorIO:
    :path: "../"

SPEC CHECKSUMS:
  TensorIO: 953bf9ca8e987bbd372447cf0d96f6415ece459b
  TensorIOTensorFlow: 31f473f6a9e0cd9457f3c842fcdea83070e9e5fb

PODFILE CHECKSUM: ccf272cde197932817bdf42271dac93482107a16

COCOAPODS: 1.6.0
