PODS:
  - DSJSONSchemaValidation (2.0.7)
  - TensorIO (0.9.8):
    - DSJSONSchemaValidation
    - TensorIO/Core (= 0.9.8)
  - TensorIO/Core (0.9.8):
    - DSJSONSchemaValidation
  - TensorIO/TensorFlow (0.9.8):
    - DSJSONSchemaValidation
    - TensorIO/Core
    - TensorIOTensorFlow
  - TensorIOTensorFlow (1.13.5)

DEPENDENCIES:
  - TensorIO (from `../`)
  - TensorIO/TensorFlow (from `../`)

SPEC REPOS:
  trunk:
    - DSJSONSchemaValidation
    - TensorIOTensorFlow

EXTERNAL SOURCES:
  TensorIO:
    :path: "../"

SPEC CHECKSUMS:
  DSJSONSchemaValidation: 46e30ccfa9908c49d184f453d556f55aa0aac1ff
  TensorIO: a258a85a438c013e4c66273101d6614a8e5932b3
  TensorIOTensorFlow: 66391fb72910e7814aec5c0ab1d4789a81ac3399

PODFILE CHECKSUM: f3621b2a05e457cf5ae380adfb2c157901c0ecd4

COCOAPODS: 1.9.1
