PODS:
  - DSJSONSchemaValidation (2.0.7)
  - TensorIO (1.0):
    - DSJSONSchemaValidation
    - TensorIO/Core (= 1.0)
  - TensorIO/Core (1.0):
    - DSJSONSchemaValidation
  - TensorIO/TensorFlow (1.0):
    - DSJSONSchemaValidation
    - TensorIO/Core
    - TensorIOTensorFlow
  - TensorIOTensorFlow (1.15)

DEPENDENCIES:
  - TensorIO (from `../`)
  - TensorIO/TensorFlow (from `../`)
  - TensorIOTensorFlow (from `https://raw.githubusercontent.com/doc-ai/tensorio-tensorflow-ios/r1.15/TensorIOTensorFlow.podspec`)

SPEC REPOS:
  trunk:
    - DSJSONSchemaValidation

EXTERNAL SOURCES:
  TensorIO:
    :path: "../"
  TensorIOTensorFlow:
    :podspec: https://raw.githubusercontent.com/doc-ai/tensorio-tensorflow-ios/r1.15/TensorIOTensorFlow.podspec

SPEC CHECKSUMS:
  DSJSONSchemaValidation: 46e30ccfa9908c49d184f453d556f55aa0aac1ff
  TensorIO: d0b373e65e1aa4623a413c8555b23d9b50de5cc4
  TensorIOTensorFlow: 6f9a38d7f522e9999d3bd05f8ed5058cb9359365

PODFILE CHECKSUM: a47037e21727812998adc073304146d3ea7f97c7

COCOAPODS: 1.9.1
