PODS:
  - DSJSONSchemaValidation (2.0.7)
  - TensorIO (1.2.6):
    - DSJSONSchemaValidation
    - TensorIO/Core (= 1.2.6)
  - TensorIO/Core (1.2.6):
    - DSJSONSchemaValidation
  - TensorIO/TensorFlow (1.2.6):
    - DSJSONSchemaValidation
    - TensorIO/Core
    - TensorIOTensorFlow (~> 2.0.8)
  - TensorIOTensorFlow (2.0.9)

DEPENDENCIES:
  - TensorIO (from `../`)
  - TensorIO/TensorFlow (from `../`)

SPEC REPOS:
  trunk:
    - DSJSONSchemaValidation
    - TensorIOTensorFlow

EXTERNAL SOURCES:
  TensorIO:
    :path: "../"

SPEC CHECKSUMS:
  DSJSONSchemaValidation: 46e30ccfa9908c49d184f453d556f55aa0aac1ff
  TensorIO: ecac1c80d225d2b25e8577c6b2ed81b3a90f8305
  TensorIOTensorFlow: 5d6f576b6b8e634e32a0aaba26ffd1896fd44f8e

PODFILE CHECKSUM: f05081e1b68db69c02ee054df132b22bfc90c72d

COCOAPODS: 1.10.1
