PODS:
  - DSJSONSchemaValidation (2.0.7)
  - TensorIO (1.0):
    - DSJSONSchemaValidation
    - TensorIO/Core (= 1.0)
  - TensorIO/Core (1.0):
    - DSJSONSchemaValidation
  - TensorIO/TensorFlow (1.0):
    - DSJSONSchemaValidation
    - TensorIO/Core
    - TensorIOTensorFlow
  - TensorIOTensorFlow (1.13.5)

DEPENDENCIES:
  - TensorIO (from `../`)
  - TensorIO/TensorFlow (from `../`)

SPEC REPOS:
  trunk:
    - DSJSONSchemaValidation
    - TensorIOTensorFlow

EXTERNAL SOURCES:
  TensorIO:
    :path: "../"

SPEC CHECKSUMS:
  DSJSONSchemaValidation: 46e30ccfa9908c49d184f453d556f55aa0aac1ff
  TensorIO: a8676eb2f819d136bbbdc458a8a010b92342ac0d
  TensorIOTensorFlow: 66391fb72910e7814aec5c0ab1d4789a81ac3399

PODFILE CHECKSUM: 122273e44cda5617be20b61aa18cf3a20991bfab

COCOAPODS: 1.9.1
