PODS:
  - DSJSONSchemaValidation (2.0.7)
  - TensorFlowLite (1.13.1)
  - TensorIO (1.0):
    - DSJSONSchemaValidation
    - TensorIO/Core (= 1.0)
  - TensorIO/Core (1.0):
    - DSJSONSchemaValidation
  - TensorIO/TFLite (1.0):
    - DSJSONSchemaValidation
    - TensorFlowLite
    - TensorIO/Core

DEPENDENCIES:
  - TensorIO (from `../`)
  - TensorIO/TFLite (from `../`)

SPEC REPOS:
  trunk:
    - DSJSONSchemaValidation
    - TensorFlowLite

EXTERNAL SOURCES:
  TensorIO:
    :path: "../"

SPEC CHECKSUMS:
  DSJSONSchemaValidation: 46e30ccfa9908c49d184f453d556f55aa0aac1ff
  TensorFlowLite: 8b9dc4eb32eac0f8cb660c66bca7604da56dcc5a
  TensorIO: a8676eb2f819d136bbbdc458a8a010b92342ac0d

PODFILE CHECKSUM: 2e76eddda1d036cc6dc70ac8020f70ff2f67e8af

COCOAPODS: 1.9.1
