PODS:
  - TensorFlowLite (1.12.0)
  - TensorIO (0.4.1):
    - TensorFlowLite

DEPENDENCIES:
  - TensorIO (from `../`)

SPEC REPOS:
  https://github.com/cocoapods/specs.git:
    - TensorFlowLite

EXTERNAL SOURCES:
  TensorIO:
    :path: "../"

SPEC CHECKSUMS:
  TensorFlowLite: e81aef029750aa46b42ad16553fa4cddd81498cc
  TensorIO: 25588fee92d13804133012019d174d6e47d38fdb

PODFILE CHECKSUM: 1cb98e1719e44fa3f98b49899189c071e9f678fb

COCOAPODS: 1.6.0
