PODS:
  - DSJSONSchemaValidation (2.0.5)
  - SSZipArchive (2.1.5)
  - TensorIO (0.7.2):
    - DSJSONSchemaValidation
    - TensorIO/Core (= 0.7.2)
  - TensorIO/Core (0.7.2):
    - DSJSONSchemaValidation
  - TensorIO/Deploy (0.7.2):
    - DSJSONSchemaValidation
    - SSZipArchive
    - TensorIO/Core

DEPENDENCIES:
  - TensorIO (from `../`)
  - TensorIO/Deploy (from `../`)

SPEC REPOS:
  https://github.com/cocoapods/specs.git:
    - DSJSONSchemaValidation
    - SSZipArchive

EXTERNAL SOURCES:
  TensorIO:
    :path: "../"

SPEC CHECKSUMS:
  DSJSONSchemaValidation: a0d791d3c8a4801cb3c72f3c8701342e2cb66f58
  SSZipArchive: cefe1364104a0231268a5deb8495bdf2861f52f0
  TensorIO: 7e59260e1ab518f274956f5ae9711a377609e1ec

PODFILE CHECKSUM: 8978a2f3668a1d616b93316fad3f39983d9794ef

COCOAPODS: 1.6.0
